// !$*UTF8*$!
{
	archiveVersion = 1;
	classes = {
	};
	objectVersion = 77;
	objects = {

/* Begin PBXBuildFile section */
		6702FB142D20AF2700CAAA61 /* Features in Frameworks */ = {isa = PBXBuildFile; productRef = 6702FB132D20AF2700CAAA61 /* Features */; };
		67AC87E52D20AD0900F37CDD /* LogoBookPackage in Resources */ = {isa = PBXBuildFile; fileRef = 67AC87E42D20AD0900F37CDD /* LogoBookPackage */; };
/* End PBXBuildFile section */

/* Begin PBXContainerItemProxy section */
		67AC87B62D20A4A600F37CDD /* PBXContainerItemProxy */ = {
			isa = PBXContainerItemProxy;
			containerPortal = 67AC879B2D20A4A500F37CDD /* Project object */;
			proxyType = 1;
			remoteGlobalIDString = 67AC87A22D20A4A500F37CDD;
			remoteInfo = LogoBook;
		};
		67AC87C02D20A4A600F37CDD /* PBXContainerItemProxy */ = {
			isa = PBXContainerItemProxy;
			containerPortal = 67AC879B2D20A4A500F37CDD /* Project object */;
			proxyType = 1;
			remoteGlobalIDString = 67AC87A22D20A4A500F37CDD;
			remoteInfo = LogoBook;
		};
/* End PBXContainerItemProxy section */

/* Begin PBXFileReference section */
		67AC87A32D20A4A500F37CDD /* LogoBook.app */ = {isa = PBXFileReference; explicitFileType = wrapper.application; includeInIndex = 0; path = LogoBook.app; sourceTree = BUILT_PRODUCTS_DIR; };
		67AC87B52D20A4A600F37CDD /* LogoBookTests.xctest */ = {isa = PBXFileReference; explicitFileType = wrapper.cfbundle; includeInIndex = 0; path = LogoBookTests.xctest; sourceTree = BUILT_PRODUCTS_DIR; };
		67AC87BF2D20A4A600F37CDD /* LogoBookUITests.xctest */ = {isa = PBXFileReference; explicitFileType = wrapper.cfbundle; includeInIndex = 0; path = LogoBookUITests.xctest; sourceTree = BUILT_PRODUCTS_DIR; };
		67AC87E42D20AD0900F37CDD /* LogoBookPackage */ = {isa = PBXFileReference; lastKnownFileType = wrapper; path = LogoBookPackage; sourceTree = "<group>"; };
/* End PBXFileReference section */

/* Begin PBXFileSystemSynchronizedRootGroup section */
		67AC87A52D20A4A500F37CDD /* LogoBook */ = {
			isa = PBXFileSystemSynchronizedRootGroup;
			path = LogoBook;
			sourceTree = "<group>";
		};
/* End PBXFileSystemSynchronizedRootGroup section */

/* Begin PBXFrameworksBuildPhase section */
		67AC87A02D20A4A500F37CDD /* Frameworks */ = {
			isa = PBXFrameworksBuildPhase;
			buildActionMask = 2147483647;
			files = (
				6702FB142D20AF2700CAAA61 /* Features in Frameworks */,
			);
			runOnlyForDeploymentPostprocessing = 0;
		};
		67AC87B22D20A4A600F37CDD /* Frameworks */ = {
			isa = PBXFrameworksBuildPhase;
			buildActionMask = 2147483647;
			files = (
			);
			runOnlyForDeploymentPostprocessing = 0;
		};
		67AC87BC2D20A4A600F37CDD /* Frameworks */ = {
			isa = PBXFrameworksBuildPhase;
			buildActionMask = 2147483647;
			files = (
			);
			runOnlyForDeploymentPostprocessing = 0;
		};
/* End PBXFrameworksBuildPhase section */

/* Begin PBXGroup section */
		6702FB122D20AF2700CAAA61 /* Frameworks */ = {
			isa = PBXGroup;
			children = (
			);
			name = Frameworks;
			sourceTree = "<group>";
		};
		67AC879A2D20A4A500F37CDD = {
			isa = PBXGroup;
			children = (
				67AC87A52D20A4A500F37CDD /* LogoBook */,
				67AC87A42D20A4A500F37CDD /* Products */,
				67AC87E42D20AD0900F37CDD /* LogoBookPackage */,
				6702FB122D20AF2700CAAA61 /* Frameworks */,
			);
			sourceTree = "<group>";
		};
		67AC87A42D20A4A500F37CDD /* Products */ = {
			isa = PBXGroup;
			children = (
				67AC87A32D20A4A500F37CDD /* LogoBook.app */,
				67AC87B52D20A4A600F37CDD /* LogoBookTests.xctest */,
				67AC87BF2D20A4A600F37CDD /* LogoBookUITests.xctest */,
			);
			name = Products;
			sourceTree = "<group>";
		};
/* End PBXGroup section */

/* Begin PBXNativeTarget section */
		67AC87A22D20A4A500F37CDD /* LogoBook */ = {
			isa = PBXNativeTarget;
			buildConfigurationList = 67AC87C92D20A4A600F37CDD /* Build configuration list for PBXNativeTarget "LogoBook" */;
			buildPhases = (
				67AC879F2D20A4A500F37CDD /* Sources */,
				67AC87A02D20A4A500F37CDD /* Frameworks */,
				67AC87A12D20A4A500F37CDD /* Resources */,
			);
			buildRules = (
			);
			dependencies = (
			);
			fileSystemSynchronizedGroups = (
				67AC87A52D20A4A500F37CDD /* LogoBook */,
			);
			name = LogoBook;
			packageProductDependencies = (
				6702FB132D20AF2700CAAA61 /* Features */,
			);
			productName = LogoBook;
			productReference = 67AC87A32D20A4A500F37CDD /* LogoBook.app */;
			productType = "com.apple.product-type.application";
		};
		67AC87B42D20A4A600F37CDD /* LogoBookTests */ = {
			isa = PBXNativeTarget;
			buildConfigurationList = 67AC87CC2D20A4A600F37CDD /* Build configuration list for PBXNativeTarget "LogoBookTests" */;
			buildPhases = (
				67AC87B12D20A4A600F37CDD /* Sources */,
				67AC87B22D20A4A600F37CDD /* Frameworks */,
				67AC87B32D20A4A600F37CDD /* Resources */,
			);
			buildRules = (
			);
			dependencies = (
				67AC87B72D20A4A600F37CDD /* PBXTargetDependency */,
			);
			name = LogoBookTests;
			packageProductDependencies = (
			);
			productName = LogoBookTests;
			productReference = 67AC87B52D20A4A600F37CDD /* LogoBookTests.xctest */;
			productType = "com.apple.product-type.bundle.unit-test";
		};
		67AC87BE2D20A4A600F37CDD /* LogoBookUITests */ = {
			isa = PBXNativeTarget;
			buildConfigurationList = 67AC87CF2D20A4A600F37CDD /* Build configuration list for PBXNativeTarget "LogoBookUITests" */;
			buildPhases = (
				67AC87BB2D20A4A600F37CDD /* Sources */,
				67AC87BC2D20A4A600F37CDD /* Frameworks */,
				67AC87BD2D20A4A600F37CDD /* Resources */,
			);
			buildRules = (
			);
			dependencies = (
				67AC87C12D20A4A600F37CDD /* PBXTargetDependency */,
			);
			name = LogoBookUITests;
			packageProductDependencies = (
			);
			productName = LogoBookUITests;
			productReference = 67AC87BF2D20A4A600F37CDD /* LogoBookUITests.xctest */;
			productType = "com.apple.product-type.bundle.ui-testing";
		};
/* End PBXNativeTarget section */

/* Begin PBXProject section */
		67AC879B2D20A4A500F37CDD /* Project object */ = {
			isa = PBXProject;
			attributes = {
				BuildIndependentTargetsInParallel = 1;
				LastSwiftUpdateCheck = 1610;
				LastUpgradeCheck = 1610;
				TargetAttributes = {
					67AC87A22D20A4A500F37CDD = {
						CreatedOnToolsVersion = 16.1;
					};
					67AC87B42D20A4A600F37CDD = {
						CreatedOnToolsVersion = 16.1;
						TestTargetID = 67AC87A22D20A4A500F37CDD;
					};
					67AC87BE2D20A4A600F37CDD = {
						CreatedOnToolsVersion = 16.1;
						TestTargetID = 67AC87A22D20A4A500F37CDD;
					};
				};
			};
			buildConfigurationList = 67AC879E2D20A4A500F37CDD /* Build configuration list for PBXProject "LogoBook" */;
			developmentRegion = en;
			hasScannedForEncodings = 0;
			knownRegions = (
				en,
				Base,
			);
			mainGroup = 67AC879A2D20A4A500F37CDD;
			minimizedProjectReferenceProxies = 1;
			preferredProjectObjectVersion = 77;
			productRefGroup = 67AC87A42D20A4A500F37CDD /* Products */;
			projectDirPath = "";
			projectRoot = "";
			targets = (
				67AC87A22D20A4A500F37CDD /* LogoBook */,
				67AC87B42D20A4A600F37CDD /* LogoBookTests */,
				67AC87BE2D20A4A600F37CDD /* LogoBookUITests */,
			);
		};
/* End PBXProject section */

/* Begin PBXResourcesBuildPhase section */
		67AC87A12D20A4A500F37CDD /* Resources */ = {
			isa = PBXResourcesBuildPhase;
			buildActionMask = 2147483647;
			files = (
				67AC87E52D20AD0900F37CDD /* LogoBookPackage in Resources */,
			);
			runOnlyForDeploymentPostprocessing = 0;
		};
		67AC87B32D20A4A600F37CDD /* Resources */ = {
			isa = PBXResourcesBuildPhase;
			buildActionMask = 2147483647;
			files = (
			);
			runOnlyForDeploymentPostprocessing = 0;
		};
		67AC87BD2D20A4A600F37CDD /* Resources */ = {
			isa = PBXResourcesBuildPhase;
			buildActionMask = 2147483647;
			files = (
			);
			runOnlyForDeploymentPostprocessing = 0;
		};
/* End PBXResourcesBuildPhase section */

/* Begin PBXSourcesBuildPhase section */
		67AC879F2D20A4A500F37CDD /* Sources */ = {
			isa = PBXSourcesBuildPhase;
			buildActionMask = 2147483647;
			files = (
			);
			runOnlyForDeploymentPostprocessing = 0;
		};
		67AC87B12D20A4A600F37CDD /* Sources */ = {
			isa = PBXSourcesBuildPhase;
			buildActionMask = 2147483647;
			files = (
			);
			runOnlyForDeploymentPostprocessing = 0;
		};
		67AC87BB2D20A4A600F37CDD /* Sources */ = {
			isa = PBXSourcesBuildPhase;
			buildActionMask = 2147483647;
			files = (
			);
			runOnlyForDeploymentPostprocessing = 0;
		};
/* End PBXSourcesBuildPhase section */

/* Begin PBXTargetDependency section */
		67AC87B72D20A4A600F37CDD /* PBXTargetDependency */ = {
			isa = PBXTargetDependency;
			target = 67AC87A22D20A4A500F37CDD /* LogoBook */;
			targetProxy = 67AC87B62D20A4A600F37CDD /* PBXContainerItemProxy */;
		};
		67AC87C12D20A4A600F37CDD /* PBXTargetDependency */ = {
			isa = PBXTargetDependency;
			target = 67AC87A22D20A4A500F37CDD /* LogoBook */;
			targetProxy = 67AC87C02D20A4A600F37CDD /* PBXContainerItemProxy */;
		};
/* End PBXTargetDependency section */

/* Begin XCBuildConfiguration section */
		67AC87C72D20A4A600F37CDD /* Debug */ = {
			isa = XCBuildConfiguration;
			buildSettings = {
				ALWAYS_SEARCH_USER_PATHS = NO;
				ASSETCATALOG_COMPILER_GENERATE_SWIFT_ASSET_SYMBOL_EXTENSIONS = YES;
				CLANG_ANALYZER_NONNULL = YES;
				CLANG_ANALYZER_NUMBER_OBJECT_CONVERSION = YES_AGGRESSIVE;
				CLANG_CXX_LANGUAGE_STANDARD = "gnu++20";
				CLANG_ENABLE_MODULES = YES;
				CLANG_ENABLE_OBJC_ARC = YES;
				CLANG_ENABLE_OBJC_WEAK = YES;
				CLANG_WARN_BLOCK_CAPTURE_AUTORELEASING = YES;
				CLANG_WARN_BOOL_CONVERSION = YES;
				CLANG_WARN_COMMA = YES;
				CLANG_WARN_CONSTANT_CONVERSION = YES;
				CLANG_WARN_DEPRECATED_OBJC_IMPLEMENTATIONS = YES;
				CLANG_WARN_DIRECT_OBJC_ISA_USAGE = YES_ERROR;
				CLANG_WARN_DOCUMENTATION_COMMENTS = YES;
				CLANG_WARN_EMPTY_BODY = YES;
				CLANG_WARN_ENUM_CONVERSION = YES;
				CLANG_WARN_INFINITE_RECURSION = YES;
				CLANG_WARN_INT_CONVERSION = YES;
				CLANG_WARN_NON_LITERAL_NULL_CONVERSION = YES;
				CLANG_WARN_OBJC_IMPLICIT_RETAIN_SELF = YES;
				CLANG_WARN_OBJC_LITERAL_CONVERSION = YES;
				CLANG_WARN_OBJC_ROOT_CLASS = YES_ERROR;
				CLANG_WARN_QUOTED_INCLUDE_IN_FRAMEWORK_HEADER = YES;
				CLANG_WARN_RANGE_LOOP_ANALYSIS = YES;
				CLANG_WARN_STRICT_PROTOTYPES = YES;
				CLANG_WARN_SUSPICIOUS_MOVE = YES;
				CLANG_WARN_UNGUARDED_AVAILABILITY = YES_AGGRESSIVE;
				CLANG_WARN_UNREACHABLE_CODE = YES;
				CLANG_WARN__DUPLICATE_METHOD_MATCH = YES;
				COPY_PHASE_STRIP = NO;
				DEBUG_INFORMATION_FORMAT = dwarf;
				ENABLE_STRICT_OBJC_MSGSEND = YES;
				ENABLE_TESTABILITY = YES;
				ENABLE_USER_SCRIPT_SANDBOXING = YES;
				GCC_C_LANGUAGE_STANDARD = gnu17;
				GCC_DYNAMIC_NO_PIC = NO;
				GCC_NO_COMMON_BLOCKS = YES;
				GCC_OPTIMIZATION_LEVEL = 0;
				GCC_PREPROCESSOR_DEFINITIONS = (
					"DEBUG=1",
					"$(inherited)",
				);
				GCC_WARN_64_TO_32_BIT_CONVERSION = YES;
				GCC_WARN_ABOUT_RETURN_TYPE = YES_ERROR;
				GCC_WARN_UNDECLARED_SELECTOR = YES;
				GCC_WARN_UNINITIALIZED_AUTOS = YES_AGGRESSIVE;
				GCC_WARN_UNUSED_FUNCTION = YES;
				GCC_WARN_UNUSED_VARIABLE = YES;
				IPHONEOS_DEPLOYMENT_TARGET = 18.1;
				LOCALIZATION_PREFERS_STRING_CATALOGS = YES;
				MTL_ENABLE_DEBUG_INFO = INCLUDE_SOURCE;
				MTL_FAST_MATH = YES;
				ONLY_ACTIVE_ARCH = YES;
				SDKROOT = iphoneos;
				SWIFT_ACTIVE_COMPILATION_CONDITIONS = "DEBUG $(inherited)";
				SWIFT_OPTIMIZATION_LEVEL = "-Onone";
			};
			name = Debug;
		};
		67AC87C82D20A4A600F37CDD /* Release */ = {
			isa = XCBuildConfiguration;
			buildSettings = {
				ALWAYS_SEARCH_USER_PATHS = NO;
				ASSETCATALOG_COMPILER_GENERATE_SWIFT_ASSET_SYMBOL_EXTENSIONS = YES;
				CLANG_ANALYZER_NONNULL = YES;
				CLANG_ANALYZER_NUMBER_OBJECT_CONVERSION = YES_AGGRESSIVE;
				CLANG_CXX_LANGUAGE_STANDARD = "gnu++20";
				CLANG_ENABLE_MODULES = YES;
				CLANG_ENABLE_OBJC_ARC = YES;
				CLANG_ENABLE_OBJC_WEAK = YES;
				CLANG_WARN_BLOCK_CAPTURE_AUTORELEASING = YES;
				CLANG_WARN_BOOL_CONVERSION = YES;
				CLANG_WARN_COMMA = YES;
				CLANG_WARN_CONSTANT_CONVERSION = YES;
				CLANG_WARN_DEPRECATED_OBJC_IMPLEMENTATIONS = YES;
				CLANG_WARN_DIRECT_OBJC_ISA_USAGE = YES_ERROR;
				CLANG_WARN_DOCUMENTATION_COMMENTS = YES;
				CLANG_WARN_EMPTY_BODY = YES;
				CLANG_WARN_ENUM_CONVERSION = YES;
				CLANG_WARN_INFINITE_RECURSION = YES;
				CLANG_WARN_INT_CONVERSION = YES;
				CLANG_WARN_NON_LITERAL_NULL_CONVERSION = YES;
				CLANG_WARN_OBJC_IMPLICIT_RETAIN_SELF = YES;
				CLANG_WARN_OBJC_LITERAL_CONVERSION = YES;
				CLANG_WARN_OBJC_ROOT_CLASS = YES_ERROR;
				CLANG_WARN_QUOTED_INCLUDE_IN_FRAMEWORK_HEADER = YES;
				CLANG_WARN_RANGE_LOOP_ANALYSIS = YES;
				CLANG_WARN_STRICT_PROTOTYPES = YES;
				CLANG_WARN_SUSPICIOUS_MOVE = YES;
				CLANG_WARN_UNGUARDED_AVAILABILITY = YES_AGGRESSIVE;
				CLANG_WARN_UNREACHABLE_CODE = YES;
				CLANG_WARN__DUPLICATE_METHOD_MATCH = YES;
				COPY_PHASE_STRIP = NO;
				DEBUG_INFORMATION_FORMAT = "dwarf-with-dsym";
				ENABLE_NS_ASSERTIONS = NO;
				ENABLE_STRICT_OBJC_MSGSEND = YES;
				ENABLE_USER_SCRIPT_SANDBOXING = YES;
				GCC_C_LANGUAGE_STANDARD = gnu17;
				GCC_NO_COMMON_BLOCKS = YES;
				GCC_WARN_64_TO_32_BIT_CONVERSION = YES;
				GCC_WARN_ABOUT_RETURN_TYPE = YES_ERROR;
				GCC_WARN_UNDECLARED_SELECTOR = YES;
				GCC_WARN_UNINITIALIZED_AUTOS = YES_AGGRESSIVE;
				GCC_WARN_UNUSED_FUNCTION = YES;
				GCC_WARN_UNUSED_VARIABLE = YES;
				IPHONEOS_DEPLOYMENT_TARGET = 18.1;
				LOCALIZATION_PREFERS_STRING_CATALOGS = YES;
				MTL_ENABLE_DEBUG_INFO = NO;
				MTL_FAST_MATH = YES;
				SDKROOT = iphoneos;
				SWIFT_COMPILATION_MODE = wholemodule;
				VALIDATE_PRODUCT = YES;
			};
			name = Release;
		};
		67AC87CA2D20A4A600F37CDD /* Debug */ = {
			isa = XCBuildConfiguration;
			buildSettings = {
				ASSETCATALOG_COMPILER_APPICON_NAME = AppIcon;
				ASSETCATALOG_COMPILER_GLOBAL_ACCENT_COLOR_NAME = AccentColor;
				CODE_SIGN_STYLE = Automatic;
				CURRENT_PROJECT_VERSION = 1;
				DEVELOPMENT_ASSET_PATHS = "\"LogoBook/Preview Content\"";
				DEVELOPMENT_TEAM = D2B3JPR4TJ;
				ENABLE_PREVIEWS = YES;
				GENERATE_INFOPLIST_FILE = YES;
				INFOPLIST_KEY_UIApplicationSceneManifest_Generation = YES;
				INFOPLIST_KEY_UIApplicationSupportsIndirectInputEvents = YES;
				INFOPLIST_KEY_UILaunchScreen_Generation = YES;
				INFOPLIST_KEY_UISupportedInterfaceOrientations_iPad = "UIInterfaceOrientationPortrait UIInterfaceOrientationPortraitUpsideDown UIInterfaceOrientationLandscapeLeft UIInterfaceOrientationLandscapeRight";
				INFOPLIST_KEY_UISupportedInterfaceOrientations_iPhone = "UIInterfaceOrientationPortrait UIInterfaceOrientationLandscapeLeft UIInterfaceOrientationLandscapeRight";
				LD_RUNPATH_SEARCH_PATHS = (
					"$(inherited)",
					"@executable_path/Frameworks",
				);
				MARKETING_VERSION = 1.0;
				PRODUCT_BUNDLE_IDENTIFIER = kei.LogoBook;
				PRODUCT_NAME = "$(TARGET_NAME)";
				SWIFT_EMIT_LOC_STRINGS = YES;
				SWIFT_VERSION = 5.0;
				TARGETED_DEVICE_FAMILY = "1,2";
			};
			name = Debug;
		};
		67AC87CB2D20A4A600F37CDD /* Release */ = {
			isa = XCBuildConfiguration;
			buildSettings = {
				ASSETCATALOG_COMPILER_APPICON_NAME = AppIcon;
				ASSETCATALOG_COMPILER_GLOBAL_ACCENT_COLOR_NAME = AccentColor;
				CODE_SIGN_STYLE = Automatic;
				CURRENT_PROJECT_VERSION = 1;
				DEVELOPMENT_ASSET_PATHS = "\"LogoBook/Preview Content\"";
				DEVELOPMENT_TEAM = D2B3JPR4TJ;
				ENABLE_PREVIEWS = YES;
				GENERATE_INFOPLIST_FILE = YES;
				INFOPLIST_KEY_UIApplicationSceneManifest_Generation = YES;
				INFOPLIST_KEY_UIApplicationSupportsIndirectInputEvents = YES;
				INFOPLIST_KEY_UILaunchScreen_Generation = YES;
				INFOPLIST_KEY_UISupportedInterfaceOrientations_iPad = "UIInterfaceOrientationPortrait UIInterfaceOrientationPortraitUpsideDown UIInterfaceOrientationLandscapeLeft UIInterfaceOrientationLandscapeRight";
				INFOPLIST_KEY_UISupportedInterfaceOrientations_iPhone = "UIInterfaceOrientationPortrait UIInterfaceOrientationLandscapeLeft UIInterfaceOrientationLandscapeRight";
				LD_RUNPATH_SEARCH_PATHS = (
					"$(inherited)",
					"@executable_path/Frameworks",
				);
				MARKETING_VERSION = 1.0;
				PRODUCT_BUNDLE_IDENTIFIER = kei.LogoBook;
				PRODUCT_NAME = "$(TARGET_NAME)";
				SWIFT_EMIT_LOC_STRINGS = YES;
				SWIFT_VERSION = 5.0;
				TARGETED_DEVICE_FAMILY = "1,2";
			};
			name = Release;
		};
		67AC87CD2D20A4A600F37CDD /* Debug */ = {
			isa = XCBuildConfiguration;
			buildSettings = {
				BUNDLE_LOADER = "$(TEST_HOST)";
				CODE_SIGN_STYLE = Automatic;
				CURRENT_PROJECT_VERSION = 1;
				DEVELOPMENT_TEAM = D2B3JPR4TJ;
				GENERATE_INFOPLIST_FILE = YES;
				IPHONEOS_DEPLOYMENT_TARGET = 18.1;
				MARKETING_VERSION = 1.0;
				PRODUCT_BUNDLE_IDENTIFIER = kei.LogoBookTests;
				PRODUCT_NAME = "$(TARGET_NAME)";
				SWIFT_EMIT_LOC_STRINGS = NO;
				SWIFT_VERSION = 5.0;
				TARGETED_DEVICE_FAMILY = "1,2";
				TEST_HOST = "$(BUILT_PRODUCTS_DIR)/LogoBook.app/$(BUNDLE_EXECUTABLE_FOLDER_PATH)/LogoBook";
			};
			name = Debug;
		};
		67AC87CE2D20A4A600F37CDD /* Release */ = {
			isa = XCBuildConfiguration;
			buildSettings = {
				BUNDLE_LOADER = "$(TEST_HOST)";
				CODE_SIGN_STYLE = Automatic;
				CURRENT_PROJECT_VERSION = 1;
				DEVELOPMENT_TEAM = D2B3JPR4TJ;
				GENERATE_INFOPLIST_FILE = YES;
				IPHONEOS_DEPLOYMENT_TARGET = 18.1;
				MARKETING_VERSION = 1.0;
				PRODUCT_BUNDLE_IDENTIFIER = kei.LogoBookTests;
				PRODUCT_NAME = "$(TARGET_NAME)";
				SWIFT_EMIT_LOC_STRINGS = NO;
				SWIFT_VERSION = 5.0;
				TARGETED_DEVICE_FAMILY = "1,2";
				TEST_HOST = "$(BUILT_PRODUCTS_DIR)/LogoBook.app/$(BUNDLE_EXECUTABLE_FOLDER_PATH)/LogoBook";
			};
			name = Release;
		};
		67AC87D02D20A4A600F37CDD /* Debug */ = {
			isa = XCBuildConfiguration;
			buildSettings = {
				CODE_SIGN_STYLE = Automatic;
				CURRENT_PROJECT_VERSION = 1;
				DEVELOPMENT_TEAM = D2B3JPR4TJ;
				GENERATE_INFOPLIST_FILE = YES;
				MARKETING_VERSION = 1.0;
				PRODUCT_BUNDLE_IDENTIFIER = kei.LogoBookUITests;
				PRODUCT_NAME = "$(TARGET_NAME)";
				SWIFT_EMIT_LOC_STRINGS = NO;
				SWIFT_VERSION = 5.0;
				TARGETED_DEVICE_FAMILY = "1,2";
				TEST_TARGET_NAME = LogoBook;
			};
			name = Debug;
		};
		67AC87D12D20A4A600F37CDD /* Release */ = {
			isa = XCBuildConfiguration;
			buildSettings = {
				CODE_SIGN_STYLE = Automatic;
				CURRENT_PROJECT_VERSION = 1;
				DEVELOPMENT_TEAM = D2B3JPR4TJ;
				GENERATE_INFOPLIST_FILE = YES;
				MARKETING_VERSION = 1.0;
				PRODUCT_BUNDLE_IDENTIFIER = kei.LogoBookUITests;
				PRODUCT_NAME = "$(TARGET_NAME)";
				SWIFT_EMIT_LOC_STRINGS = NO;
				SWIFT_VERSION = 5.0;
				TARGETED_DEVICE_FAMILY = "1,2";
				TEST_TARGET_NAME = LogoBook;
			};
			name = Release;
		};
/* End XCBuildConfiguration section */

/* Begin XCConfigurationList section */
		67AC879E2D20A4A500F37CDD /* Build configuration list for PBXProject "LogoBook" */ = {
			isa = XCConfigurationList;
			buildConfigurations = (
				67AC87C72D20A4A600F37CDD /* Debug */,
				67AC87C82D20A4A600F37CDD /* Release */,
			);
			defaultConfigurationIsVisible = 0;
			defaultConfigurationName = Release;
		};
		67AC87C92D20A4A600F37CDD /* Build configuration list for PBXNativeTarget "LogoBook" */ = {
			isa = XCConfigurationList;
			buildConfigurations = (
				67AC87CA2D20A4A600F37CDD /* Debug */,
				67AC87CB2D20A4A600F37CDD /* Release */,
			);
			defaultConfigurationIsVisible = 0;
			defaultConfigurationName = Release;
		};
		67AC87CC2D20A4A600F37CDD /* Build configuration list for PBXNativeTarget "LogoBookTests" */ = {
			isa = XCConfigurationList;
			buildConfigurations = (
				67AC87CD2D20A4A600F37CDD /* Debug */,
				67AC87CE2D20A4A600F37CDD /* Release */,
			);
			defaultConfigurationIsVisible = 0;
			defaultConfigurationName = Release;
		};
		67AC87CF2D20A4A600F37CDD /* Build configuration list for PBXNativeTarget "LogoBookUITests" */ = {
			isa = XCConfigurationList;
			buildConfigurations = (
				67AC87D02D20A4A600F37CDD /* Debug */,
				67AC87D12D20A4A600F37CDD /* Release */,
			);
			defaultConfigurationIsVisible = 0;
			defaultConfigurationName = Release;
		};
/* End XCConfigurationList section */

/* Begin XCSwiftPackageProductDependency section */
		6702FB132D20AF2700CAAA61 /* Features */ = {
			isa = XCSwiftPackageProductDependency;
			productName = Features;
		};
/* End XCSwiftPackageProductDependency section */
	};
	rootObject = 67AC879B2D20A4A500F37CDD /* Project object */;
}
